// !$*UTF8*$!
{
	archiveVersion = 1;
	classes = {
	};
	objectVersion = 77;
	objects = {

/* Begin PBXBuildFile section */
		765215A62D45D57800298F46 /* RealmSwift in Frameworks */ = {isa = PBXBuildFile; productRef = 765215A52D45D57800298F46 /* RealmSwift */; };
		765215A72D45D77F00298F46 /* RealmSwift in Embed Frameworks */ = {isa = PBXBuildFile; productRef = 765215A52D45D57800298F46 /* RealmSwift */; settings = {ATTRIBUTES = (CodeSignOnCopy, ); }; };
		76AAB8FD2D66B0AF005F4F18 /* FirebaseMessaging in Frameworks */ = {isa = PBXBuildFile; productRef = 76AAB8FC2D66B0AF005F4F18 /* FirebaseMessaging */; };
		76C42E302D1EB575004C65F7 /* FirebaseAnalytics in Frameworks */ = {isa = PBXBuildFile; productRef = 76C42E2F2D1EB575004C65F7 /* FirebaseAnalytics */; };
		76C42E322D1EB575004C65F7 /* FirebaseAuth in Frameworks */ = {isa = PBXBuildFile; productRef = 76C42E312D1EB575004C65F7 /* FirebaseAuth */; };
		76C42E342D1EB575004C65F7 /* FirebaseCore in Frameworks */ = {isa = PBXBuildFile; productRef = 76C42E332D1EB575004C65F7 /* FirebaseCore */; };
		76C42E362D1EB575004C65F7 /* FirebaseDatabase in Frameworks */ = {isa = PBXBuildFile; productRef = 76C42E352D1EB575004C65F7 /* FirebaseDatabase */; };
		76C42E382D1EB575004C65F7 /* FirebaseFirestore in Frameworks */ = {isa = PBXBuildFile; productRef = 76C42E372D1EB575004C65F7 /* FirebaseFirestore */; };
		76C42E3A2D1EB575004C65F7 /* FirebaseStorage in Frameworks */ = {isa = PBXBuildFile; productRef = 76C42E392D1EB575004C65F7 /* FirebaseStorage */; };
/* End PBXBuildFile section */

/* Begin PBXCopyFilesBuildPhase section */
		76A3BDEC2D22E8CC00487364 /* Embed Frameworks */ = {
			isa = PBXCopyFilesBuildPhase;
			buildActionMask = 2147483647;
			dstPath = "";
			dstSubfolderSpec = 10;
			files = (
				765215A72D45D77F00298F46 /* RealmSwift in Embed Frameworks */,
			);
			name = "Embed Frameworks";
			runOnlyForDeploymentPostprocessing = 0;
		};
/* End PBXCopyFilesBuildPhase section */

/* Begin PBXFileReference section */
		76C42DE82D1D7882004C65F7 /* AnonChat.app */ = {isa = PBXFileReference; explicitFileType = wrapper.application; includeInIndex = 0; path = AnonChat.app; sourceTree = BUILT_PRODUCTS_DIR; };
/* End PBXFileReference section */

/* Begin PBXFileSystemSynchronizedBuildFileExceptionSet section */
		76C42DFA2D1D7883004C65F7 /* Exceptions for "AnonChat" folder in "AnonChat" target */ = {
			isa = PBXFileSystemSynchronizedBuildFileExceptionSet;
			membershipExceptions = (
				Info.plist,
			);
			target = 76C42DE72D1D7882004C65F7 /* AnonChat */;
		};
/* End PBXFileSystemSynchronizedBuildFileExceptionSet section */

/* Begin PBXFileSystemSynchronizedRootGroup section */
		76C42DEA2D1D7882004C65F7 /* AnonChat */ = {
			isa = PBXFileSystemSynchronizedRootGroup;
			exceptions = (
				76C42DFA2D1D7883004C65F7 /* Exceptions for "AnonChat" folder in "AnonChat" target */,
			);
			path = AnonChat;
			sourceTree = "<group>";
		};
/* End PBXFileSystemSynchronizedRootGroup section */

/* Begin PBXFrameworksBuildPhase section */
		76C42DE52D1D7882004C65F7 /* Frameworks */ = {
			isa = PBXFrameworksBuildPhase;
			buildActionMask = 2147483647;
			files = (
				76AAB8FD2D66B0AF005F4F18 /* FirebaseMessaging in Frameworks */,
				76C42E302D1EB575004C65F7 /* FirebaseAnalytics in Frameworks */,
				76C42E342D1EB575004C65F7 /* FirebaseCore in Frameworks */,
				765215A62D45D57800298F46 /* RealmSwift in Frameworks */,
				76C42E362D1EB575004C65F7 /* FirebaseDatabase in Frameworks */,
				76C42E382D1EB575004C65F7 /* FirebaseFirestore in Frameworks */,
				76C42E322D1EB575004C65F7 /* FirebaseAuth in Frameworks */,
				76C42E3A2D1EB575004C65F7 /* FirebaseStorage in Frameworks */,
			);
			runOnlyForDeploymentPostprocessing = 0;
		};
/* End PBXFrameworksBuildPhase section */

/* Begin PBXGroup section */
		76C42DDF2D1D7882004C65F7 = {
			isa = PBXGroup;
			children = (
				76C42DEA2D1D7882004C65F7 /* AnonChat */,
				76C42DE92D1D7882004C65F7 /* Products */,
			);
			sourceTree = "<group>";
		};
		76C42DE92D1D7882004C65F7 /* Products */ = {
			isa = PBXGroup;
			children = (
				76C42DE82D1D7882004C65F7 /* AnonChat.app */,
			);
			name = Products;
			sourceTree = "<group>";
		};
/* End PBXGroup section */

/* Begin PBXNativeTarget section */
		76C42DE72D1D7882004C65F7 /* AnonChat */ = {
			isa = PBXNativeTarget;
			buildConfigurationList = 76C42DFB2D1D7883004C65F7 /* Build configuration list for PBXNativeTarget "AnonChat" */;
			buildPhases = (
				76C42DE42D1D7882004C65F7 /* Sources */,
				76C42DE52D1D7882004C65F7 /* Frameworks */,
				76C42DE62D1D7882004C65F7 /* Resources */,
				76A3BDEC2D22E8CC00487364 /* Embed Frameworks */,
			);
			buildRules = (
			);
			dependencies = (
			);
			fileSystemSynchronizedGroups = (
				76C42DEA2D1D7882004C65F7 /* AnonChat */,
			);
			name = AnonChat;
			packageProductDependencies = (
				76C42E2F2D1EB575004C65F7 /* FirebaseAnalytics */,
				76C42E312D1EB575004C65F7 /* FirebaseAuth */,
				76C42E332D1EB575004C65F7 /* FirebaseCore */,
				76C42E352D1EB575004C65F7 /* FirebaseDatabase */,
				76C42E372D1EB575004C65F7 /* FirebaseFirestore */,
				76C42E392D1EB575004C65F7 /* FirebaseStorage */,
				765215A52D45D57800298F46 /* RealmSwift */,
				76AAB8FC2D66B0AF005F4F18 /* FirebaseMessaging */,
			);
			productName = AnonChat;
			productReference = 76C42DE82D1D7882004C65F7 /* AnonChat.app */;
			productType = "com.apple.product-type.application";
		};
/* End PBXNativeTarget section */

/* Begin PBXProject section */
		76C42DE02D1D7882004C65F7 /* Project object */ = {
			isa = PBXProject;
			attributes = {
				BuildIndependentTargetsInParallel = 1;
				LastSwiftUpdateCheck = 1610;
				LastUpgradeCheck = 1610;
				TargetAttributes = {
					76C42DE72D1D7882004C65F7 = {
						CreatedOnToolsVersion = 16.1;
					};
				};
			};
			buildConfigurationList = 76C42DE32D1D7882004C65F7 /* Build configuration list for PBXProject "AnonChat" */;
			developmentRegion = en;
			hasScannedForEncodings = 0;
			knownRegions = (
				en,
				Base,
			);
			mainGroup = 76C42DDF2D1D7882004C65F7;
			minimizedProjectReferenceProxies = 1;
			packageReferences = (
				76C42E2E2D1EB575004C65F7 /* XCRemoteSwiftPackageReference "firebase-ios-sdk" */,
				765215A42D45D57800298F46 /* XCRemoteSwiftPackageReference "realm-swift" */,
			);
			preferredProjectObjectVersion = 77;
			productRefGroup = 76C42DE92D1D7882004C65F7 /* Products */;
			projectDirPath = "";
			projectRoot = "";
			targets = (
				76C42DE72D1D7882004C65F7 /* AnonChat */,
			);
		};
/* End PBXProject section */

/* Begin PBXResourcesBuildPhase section */
		76C42DE62D1D7882004C65F7 /* Resources */ = {
			isa = PBXResourcesBuildPhase;
			buildActionMask = 2147483647;
			files = (
			);
			runOnlyForDeploymentPostprocessing = 0;
		};
/* End PBXResourcesBuildPhase section */

/* Begin PBXSourcesBuildPhase section */
		76C42DE42D1D7882004C65F7 /* Sources */ = {
			isa = PBXSourcesBuildPhase;
			buildActionMask = 2147483647;
			files = (
			);
			runOnlyForDeploymentPostprocessing = 0;
		};
/* End PBXSourcesBuildPhase section */

/* Begin XCBuildConfiguration section */
		76C42DFC2D1D7883004C65F7 /* Debug */ = {
			isa = XCBuildConfiguration;
			buildSettings = {
				ASSETCATALOG_COMPILER_APPICON_NAME = AppIcon;
				ASSETCATALOG_COMPILER_GLOBAL_ACCENT_COLOR_NAME = AccentColor;
				CODE_SIGN_ENTITLEMENTS = AnonChat/AnonChat.entitlements;
				CODE_SIGN_STYLE = Automatic;
				CURRENT_PROJECT_VERSION = 1;
				DEVELOPMENT_TEAM = J3CBNU5BFW;
				GENERATE_INFOPLIST_FILE = YES;
				INFOPLIST_FILE = AnonChat/Info.plist;
				INFOPLIST_KEY_CFBundleDisplayName = AnonChat;
				INFOPLIST_KEY_LSApplicationCategoryType = "public.app-category.social-networking";
				INFOPLIST_KEY_NSAppleMusicUsageDescription = "We need access to your library to send photos.";
				INFOPLIST_KEY_NSCameraUsageDescription = "We need access to your camera to take and send photos.";
				INFOPLIST_KEY_UIApplicationSupportsIndirectInputEvents = YES;
				INFOPLIST_KEY_UILaunchStoryboardName = LaunchScreen;
				INFOPLIST_KEY_UISupportedInterfaceOrientations_iPad = "UIInterfaceOrientationPortrait UIInterfaceOrientationPortraitUpsideDown UIInterfaceOrientationLandscapeLeft UIInterfaceOrientationLandscapeRight";
				INFOPLIST_KEY_UISupportedInterfaceOrientations_iPhone = UIInterfaceOrientationPortrait;
				IPHONEOS_DEPLOYMENT_TARGET = 17.0;
				LD_RUNPATH_SEARCH_PATHS = (
					"$(inherited)",
					"@executable_path/Frameworks",
				);
				MARKETING_VERSION = 1.0.1;
				PRODUCT_BUNDLE_IDENTIFIER = name.vitiukovich.AnonChat;
				PRODUCT_NAME = "$(TARGET_NAME)";
				SUPPORTED_PLATFORMS = "iphoneos iphonesimulator";
				SUPPORTS_MACCATALYST = NO;
				SUPPORTS_MAC_DESIGNED_FOR_IPHONE_IPAD = NO;
				SUPPORTS_XR_DESIGNED_FOR_IPHONE_IPAD = NO;
				SWIFT_EMIT_LOC_STRINGS = YES;
				SWIFT_VERSION = 5.0;
				TARGETED_DEVICE_FAMILY = 1;
			};
			name = Debug;
		};
		76C42DFD2D1D7883004C65F7 /* Release */ = {
			isa = XCBuildConfiguration;
			buildSettings = {
				ASSETCATALOG_COMPILER_APPICON_NAME = AppIcon;
				ASSETCATALOG_COMPILER_GLOBAL_ACCENT_COLOR_NAME = AccentColor;
				CODE_SIGN_ENTITLEMENTS = AnonChat/AnonChat.entitlements;
				CODE_SIGN_STYLE = Automatic;
				CURRENT_PROJECT_VERSION = 1;
				DEVELOPMENT_TEAM = J3CBNU5BFW;
				GENERATE_INFOPLIST_FILE = YES;
				INFOPLIST_FILE = AnonChat/Info.plist;
				INFOPLIST_KEY_CFBundleDisplayName = AnonChat;
				INFOPLIST_KEY_LSApplicationCategoryType = "public.app-category.social-networking";
				INFOPLIST_KEY_NSAppleMusicUsageDescription = "We need access to your library to send photos.";
				INFOPLIST_KEY_NSCameraUsageDescription = "We need access to your camera to take and send photos.";
				INFOPLIST_KEY_UIApplicationSupportsIndirectInputEvents = YES;
				INFOPLIST_KEY_UILaunchStoryboardName = LaunchScreen;
				INFOPLIST_KEY_UISupportedInterfaceOrientations_iPad = "UIInterfaceOrientationPortrait UIInterfaceOrientationPortraitUpsideDown UIInterfaceOrientationLandscapeLeft UIInterfaceOrientationLandscapeRight";
				INFOPLIST_KEY_UISupportedInterfaceOrientations_iPhone = UIInterfaceOrientationPortrait;
				IPHONEOS_DEPLOYMENT_TARGET = 17.0;
				LD_RUNPATH_SEARCH_PATHS = (
					"$(inherited)",
					"@executable_path/Frameworks",
				);
				MARKETING_VERSION = 1.0.1;
				PRODUCT_BUNDLE_IDENTIFIER = name.vitiukovich.AnonChat;
				PRODUCT_NAME = "$(TARGET_NAME)";
				SUPPORTED_PLATFORMS = "iphoneos iphonesimulator";
				SUPPORTS_MACCATALYST = NO;
				SUPPORTS_MAC_DESIGNED_FOR_IPHONE_IPAD = NO;
				SUPPORTS_XR_DESIGNED_FOR_IPHONE_IPAD = NO;
				SWIFT_EMIT_LOC_STRINGS = YES;
				SWIFT_VERSION = 5.0;
				TARGETED_DEVICE_FAMILY = 1;
			};
			name = Release;
		};
		76C42DFE2D1D7883004C65F7 /* Debug */ = {
			isa = XCBuildConfiguration;
			buildSettings = {
				ALWAYS_SEARCH_USER_PATHS = NO;
				ASSETCATALOG_COMPILER_GENERATE_SWIFT_ASSET_SYMBOL_EXTENSIONS = YES;
				CLANG_ANALYZER_NONNULL = YES;
				CLANG_ANALYZER_NUMBER_OBJECT_CONVERSION = YES_AGGRESSIVE;
				CLANG_CXX_LANGUAGE_STANDARD = "gnu++20";
				CLANG_ENABLE_MODULES = YES;
				CLANG_ENABLE_OBJC_ARC = YES;
				CLANG_ENABLE_OBJC_WEAK = YES;
				CLANG_WARN_BLOCK_CAPTURE_AUTORELEASING = YES;
				CLANG_WARN_BOOL_CONVERSION = YES;
				CLANG_WARN_COMMA = YES;
				CLANG_WARN_CONSTANT_CONVERSION = YES;
				CLANG_WARN_DEPRECATED_OBJC_IMPLEMENTATIONS = YES;
				CLANG_WARN_DIRECT_OBJC_ISA_USAGE = YES_ERROR;
				CLANG_WARN_DOCUMENTATION_COMMENTS = YES;
				CLANG_WARN_EMPTY_BODY = YES;
				CLANG_WARN_ENUM_CONVERSION = YES;
				CLANG_WARN_INFINITE_RECURSION = YES;
				CLANG_WARN_INT_CONVERSION = YES;
				CLANG_WARN_NON_LITERAL_NULL_CONVERSION = YES;
				CLANG_WARN_OBJC_IMPLICIT_RETAIN_SELF = YES;
				CLANG_WARN_OBJC_LITERAL_CONVERSION = YES;
				CLANG_WARN_OBJC_ROOT_CLASS = YES_ERROR;
				CLANG_WARN_QUOTED_INCLUDE_IN_FRAMEWORK_HEADER = YES;
				CLANG_WARN_RANGE_LOOP_ANALYSIS = YES;
				CLANG_WARN_STRICT_PROTOTYPES = YES;
				CLANG_WARN_SUSPICIOUS_MOVE = YES;
				CLANG_WARN_UNGUARDED_AVAILABILITY = YES_AGGRESSIVE;
				CLANG_WARN_UNREACHABLE_CODE = YES;
				CLANG_WARN__DUPLICATE_METHOD_MATCH = YES;
				COPY_PHASE_STRIP = NO;
				DEBUG_INFORMATION_FORMAT = dwarf;
				ENABLE_STRICT_OBJC_MSGSEND = YES;
				ENABLE_TESTABILITY = YES;
				ENABLE_USER_SCRIPT_SANDBOXING = YES;
				GCC_C_LANGUAGE_STANDARD = gnu17;
				GCC_DYNAMIC_NO_PIC = NO;
				GCC_NO_COMMON_BLOCKS = YES;
				GCC_OPTIMIZATION_LEVEL = 0;
				GCC_PREPROCESSOR_DEFINITIONS = (
					"DEBUG=1",
					"$(inherited)",
				);
				GCC_WARN_64_TO_32_BIT_CONVERSION = YES;
				GCC_WARN_ABOUT_RETURN_TYPE = YES_ERROR;
				GCC_WARN_UNDECLARED_SELECTOR = YES;
				GCC_WARN_UNINITIALIZED_AUTOS = YES_AGGRESSIVE;
				GCC_WARN_UNUSED_FUNCTION = YES;
				GCC_WARN_UNUSED_VARIABLE = YES;
				IPHONEOS_DEPLOYMENT_TARGET = 18.1;
				LOCALIZATION_PREFERS_STRING_CATALOGS = YES;
				MTL_ENABLE_DEBUG_INFO = INCLUDE_SOURCE;
				MTL_FAST_MATH = YES;
				ONLY_ACTIVE_ARCH = YES;
				SDKROOT = iphoneos;
				SWIFT_ACTIVE_COMPILATION_CONDITIONS = "DEBUG $(inherited)";
				SWIFT_OPTIMIZATION_LEVEL = "-Onone";
			};
			name = Debug;
		};
		76C42DFF2D1D7883004C65F7 /* Release */ = {
			isa = XCBuildConfiguration;
			buildSettings = {
				ALWAYS_SEARCH_USER_PATHS = NO;
				ASSETCATALOG_COMPILER_GENERATE_SWIFT_ASSET_SYMBOL_EXTENSIONS = YES;
				CLANG_ANALYZER_NONNULL = YES;
				CLANG_ANALYZER_NUMBER_OBJECT_CONVERSION = YES_AGGRESSIVE;
				CLANG_CXX_LANGUAGE_STANDARD = "gnu++20";
				CLANG_ENABLE_MODULES = YES;
				CLANG_ENABLE_OBJC_ARC = YES;
				CLANG_ENABLE_OBJC_WEAK = YES;
				CLANG_WARN_BLOCK_CAPTURE_AUTORELEASING = YES;
				CLANG_WARN_BOOL_CONVERSION = YES;
				CLANG_WARN_COMMA = YES;
				CLANG_WARN_CONSTANT_CONVERSION = YES;
				CLANG_WARN_DEPRECATED_OBJC_IMPLEMENTATIONS = YES;
				CLANG_WARN_DIRECT_OBJC_ISA_USAGE = YES_ERROR;
				CLANG_WARN_DOCUMENTATION_COMMENTS = YES;
				CLANG_WARN_EMPTY_BODY = YES;
				CLANG_WARN_ENUM_CONVERSION = YES;
				CLANG_WARN_INFINITE_RECURSION = YES;
				CLANG_WARN_INT_CONVERSION = YES;
				CLANG_WARN_NON_LITERAL_NULL_CONVERSION = YES;
				CLANG_WARN_OBJC_IMPLICIT_RETAIN_SELF = YES;
				CLANG_WARN_OBJC_LITERAL_CONVERSION = YES;
				CLANG_WARN_OBJC_ROOT_CLASS = YES_ERROR;
				CLANG_WARN_QUOTED_INCLUDE_IN_FRAMEWORK_HEADER = YES;
				CLANG_WARN_RANGE_LOOP_ANALYSIS = YES;
				CLANG_WARN_STRICT_PROTOTYPES = YES;
				CLANG_WARN_SUSPICIOUS_MOVE = YES;
				CLANG_WARN_UNGUARDED_AVAILABILITY = YES_AGGRESSIVE;
				CLANG_WARN_UNREACHABLE_CODE = YES;
				CLANG_WARN__DUPLICATE_METHOD_MATCH = YES;
				COPY_PHASE_STRIP = NO;
				DEBUG_INFORMATION_FORMAT = "dwarf-with-dsym";
				ENABLE_NS_ASSERTIONS = NO;
				ENABLE_STRICT_OBJC_MSGSEND = YES;
				ENABLE_USER_SCRIPT_SANDBOXING = YES;
				GCC_C_LANGUAGE_STANDARD = gnu17;
				GCC_NO_COMMON_BLOCKS = YES;
				GCC_WARN_64_TO_32_BIT_CONVERSION = YES;
				GCC_WARN_ABOUT_RETURN_TYPE = YES_ERROR;
				GCC_WARN_UNDECLARED_SELECTOR = YES;
				GCC_WARN_UNINITIALIZED_AUTOS = YES_AGGRESSIVE;
				GCC_WARN_UNUSED_FUNCTION = YES;
				GCC_WARN_UNUSED_VARIABLE = YES;
				IPHONEOS_DEPLOYMENT_TARGET = 18.1;
				LOCALIZATION_PREFERS_STRING_CATALOGS = YES;
				MTL_ENABLE_DEBUG_INFO = NO;
				MTL_FAST_MATH = YES;
				SDKROOT = iphoneos;
				SWIFT_COMPILATION_MODE = wholemodule;
				VALIDATE_PRODUCT = YES;
			};
			name = Release;
		};
/* End XCBuildConfiguration section */

/* Begin XCConfigurationList section */
		76C42DE32D1D7882004C65F7 /* Build configuration list for PBXProject "AnonChat" */ = {
			isa = XCConfigurationList;
			buildConfigurations = (
				76C42DFE2D1D7883004C65F7 /* Debug */,
				76C42DFF2D1D7883004C65F7 /* Release */,
			);
			defaultConfigurationIsVisible = 0;
			defaultConfigurationName = Release;
		};
		76C42DFB2D1D7883004C65F7 /* Build configuration list for PBXNativeTarget "AnonChat" */ = {
			isa = XCConfigurationList;
			buildConfigurations = (
				76C42DFC2D1D7883004C65F7 /* Debug */,
				76C42DFD2D1D7883004C65F7 /* Release */,
			);
			defaultConfigurationIsVisible = 0;
			defaultConfigurationName = Release;
		};
/* End XCConfigurationList section */

/* Begin XCRemoteSwiftPackageReference section */
		765215A42D45D57800298F46 /* XCRemoteSwiftPackageReference "realm-swift" */ = {
			isa = XCRemoteSwiftPackageReference;
			repositoryURL = "https://github.com/realm/realm-swift";
			requirement = {
				branch = master;
				kind = branch;
			};
		};
		76C42E2E2D1EB575004C65F7 /* XCRemoteSwiftPackageReference "firebase-ios-sdk" */ = {
			isa = XCRemoteSwiftPackageReference;
			repositoryURL = "https://github.com/firebase/firebase-ios-sdk";
			requirement = {
				kind = upToNextMajorVersion;
				minimumVersion = 11.6.0;
			};
		};
/* End XCRemoteSwiftPackageReference section */

/* Begin XCSwiftPackageProductDependency section */
		765215A52D45D57800298F46 /* RealmSwift */ = {
			isa = XCSwiftPackageProductDependency;
			package = 765215A42D45D57800298F46 /* XCRemoteSwiftPackageReference "realm-swift" */;
			productName = RealmSwift;
		};
		76AAB8FC2D66B0AF005F4F18 /* FirebaseMessaging */ = {
			isa = XCSwiftPackageProductDependency;
			package = 76C42E2E2D1EB575004C65F7 /* XCRemoteSwiftPackageReference "firebase-ios-sdk" */;
			productName = FirebaseMessaging;
		};
		76C42E2F2D1EB575004C65F7 /* FirebaseAnalytics */ = {
			isa = XCSwiftPackageProductDependency;
			package = 76C42E2E2D1EB575004C65F7 /* XCRemoteSwiftPackageReference "firebase-ios-sdk" */;
			productName = FirebaseAnalytics;
		};
		76C42E312D1EB575004C65F7 /* FirebaseAuth */ = {
			isa = XCSwiftPackageProductDependency;
			package = 76C42E2E2D1EB575004C65F7 /* XCRemoteSwiftPackageReference "firebase-ios-sdk" */;
			productName = FirebaseAuth;
		};
		76C42E332D1EB575004C65F7 /* FirebaseCore */ = {
			isa = XCSwiftPackageProductDependency;
			package = 76C42E2E2D1EB575004C65F7 /* XCRemoteSwiftPackageReference "firebase-ios-sdk" */;
			productName = FirebaseCore;
		};
		76C42E352D1EB575004C65F7 /* FirebaseDatabase */ = {
			isa = XCSwiftPackageProductDependency;
			package = 76C42E2E2D1EB575004C65F7 /* XCRemoteSwiftPackageReference "firebase-ios-sdk" */;
			productName = FirebaseDatabase;
		};
		76C42E372D1EB575004C65F7 /* FirebaseFirestore */ = {
			isa = XCSwiftPackageProductDependency;
			package = 76C42E2E2D1EB575004C65F7 /* XCRemoteSwiftPackageReference "firebase-ios-sdk" */;
			productName = FirebaseFirestore;
		};
		76C42E392D1EB575004C65F7 /* FirebaseStorage */ = {
			isa = XCSwiftPackageProductDependency;
			package = 76C42E2E2D1EB575004C65F7 /* XCRemoteSwiftPackageReference "firebase-ios-sdk" */;
			productName = FirebaseStorage;
		};
/* End XCSwiftPackageProductDependency section */
	};
	rootObject = 76C42DE02D1D7882004C65F7 /* Project object */;
}
